
Microsoft Visual Studio Solution File, Format Version 12.00
# Visual Studio Version 17
VisualStudioVersion = 17.7.34031.279
MinimumVisualStudioVersion = 10.0.40219.1
Project("{FAE04EC0-301F-11D3-BF4B-00C04F79EFBC}") = "tlfnlista", "tlfnlista.csproj", "{042C4DFF-91C3-466B-8816-BE8C13A6731E}"
EndProject
Global
	GlobalSection(SolutionConfigurationPlatforms) = preSolution
		Debug|Any CPU = Debug|Any CPU
		Release|Any CPU = Release|Any CPU
	EndGlobalSection
	GlobalSection(ProjectConfigurationPlatforms) = postSolution
		{042C4DFF-91C3-466B-8816-BE8C13A6731E}.Debug|Any CPU.ActiveCfg = Debug|Any CPU
		{042C4DFF-91C3-466B-8816-BE8C13A6731E}.Debug|Any CPU.Build.0 = Debug|Any CPU
		{042C4DFF-91C3-466B-8816-BE8C13A6731E}.Release|Any CPU.ActiveCfg = Release|Any CPU
		{042C4DFF-91C3-466B-8816-BE8C13A6731E}.Release|Any CPU.Build.0 = Release|Any CPU
	EndGlobalSection
	GlobalSection(SolutionProperties) = preSolution
		HideSolutionNode = FALSE
	EndGlobalSection
	GlobalSection(ExtensibilityGlobals) = postSolution
		SolutionGuid = {905F5B70-C9B3-4867-A215-36377751E109}
	EndGlobalSection
EndGlobal
